{
  "name": "cache-demo",
  "lockfileVersion": 2,
  "requires": true,
  "packages": {
    "": {
      "name": "cache-demo",
      "version": "1.0.0",
      "dependencies": {
        "lodash": "^4.17.21"
      }
    },
    "node_modules/lodash": {
      "version": "4.17.21",
      "resolved": "https://registry.npmjs.org/lodash/-/lodash-4.17.21.tgz",
      "integrity": "sha512-v2kDEUA4fNbsK1+Q/FHqRQJvB1LMBt2azljtXG1RZ+O6+6F7TLrJeGv+DZIAjRAGr+6HsO1b8wLgG0YvYx7i7g=="
    }
  },
  "dependencies": {
    "lodash": {
      "version": "4.17.21",
      "resolved": "https://registry.npmjs.org/lodash/-/lodash-4.17.21.tgz",
      "integrity": "sha512-v2kDEUA4fNbsK1+Q/FHqRQJvB1LMBt2azljtXG1RZ+O6+6F7TLrJeGv+DZIAjRAGr+6HsO1b8wLgG0YvYx7i7g=="
    }
  }
}
